
Microsoft Visual Studio Solution File, Format Version 12.00
# Visual Studio Version 16
VisualStudioVersion = 16.0.29709.97
MinimumVisualStudioVersion = 10.0.40219.1
Project("{FAE04EC0-301F-11D3-BF4B-00C04F79EFBC}") = "Lab6PowersTable", "Lab6PowersTable\Lab6PowersTable.csproj", "{B1D04175-6CF9-4EED-B571-6A955314748F}"
EndProject
Global
	GlobalSection(SolutionConfigurationPlatforms) = preSolution
		Debug|Any CPU = Debug|Any CPU
		Release|Any CPU = Release|Any CPU
	EndGlobalSection
	GlobalSection(ProjectConfigurationPlatforms) = postSolution
		{B1D04175-6CF9-4EED-B571-6A955314748F}.Debug|Any CPU.ActiveCfg = Debug|Any CPU
		{B1D04175-6CF9-4EED-B571-6A955314748F}.Debug|Any CPU.Build.0 = Debug|Any CPU
		{B1D04175-6CF9-4EED-B571-6A955314748F}.Release|Any CPU.ActiveCfg = Release|Any CPU
		{B1D04175-6CF9-4EED-B571-6A955314748F}.Release|Any CPU.Build.0 = Release|Any CPU
	EndGlobalSection
	GlobalSection(SolutionProperties) = preSolution
		HideSolutionNode = FALSE
	EndGlobalSection
	GlobalSection(ExtensibilityGlobals) = postSolution
		SolutionGuid = {F58D162D-85A0-4D24-BBDA-58E348191F4A}
	EndGlobalSection
EndGlobal
